
Microsoft Visual Studio Solution File, Format Version 12.00
# Visual Studio Version 17
VisualStudioVersion = 17.3.32929.385
MinimumVisualStudioVersion = 10.0.40219.1
Project("{9A19103F-16F7-4668-BE54-9A1E7A4F7556}") = "PaymentRecorder", "PaymentRecorder\PaymentRecorder.csproj", "{E60C6723-C739-49FC-86A7-532E4B9B13F3}"
EndProject
Project("{9A19103F-16F7-4668-BE54-9A1E7A4F7556}") = "Domain", "Domain\Domain.csproj", "{1F00489A-F7EB-4AC5-B63A-651D0373AE67}"
EndProject
Project("{9A19103F-16F7-4668-BE54-9A1E7A4F7556}") = "Data", "Data\Data.csproj", "{4145F9C8-490F-4CCC-A367-3C653ADAB47F}"
EndProject
Project("{9A19103F-16F7-4668-BE54-9A1E7A4F7556}") = "Common", "Common\Common.csproj", "{8CE51256-8B69-4C5E-9999-5B6958A649FB}"
EndProject
Project("{9A19103F-16F7-4668-BE54-9A1E7A4F7556}") = "Service", "Service\Service.csproj", "{3B5944B4-9CEF-4B43-86EF-3A91B38DC169}"
EndProject
Project("{9A19103F-16F7-4668-BE54-9A1E7A4F7556}") = "UnitTest", "UnitTest\UnitTest.csproj", "{A9DD5999-5383-4ADC-9A02-609F73F2A7EB}"
EndProject
Project("{54A90642-561A-4BB1-A94E-469ADEE60C69}") = "ui", "UI\ui.esproj", "{0ADB1445-3064-4E67-B451-0615A3BB83B0}"
EndProject
Global
	GlobalSection(SolutionConfigurationPlatforms) = preSolution
		Debug|Any CPU = Debug|Any CPU
		Release|Any CPU = Release|Any CPU
	EndGlobalSection
	GlobalSection(ProjectConfigurationPlatforms) = postSolution
		{E60C6723-C739-49FC-86A7-532E4B9B13F3}.Debug|Any CPU.ActiveCfg = Debug|Any CPU
		{E60C6723-C739-49FC-86A7-532E4B9B13F3}.Debug|Any CPU.Build.0 = Debug|Any CPU
		{E60C6723-C739-49FC-86A7-532E4B9B13F3}.Release|Any CPU.ActiveCfg = Release|Any CPU
		{E60C6723-C739-49FC-86A7-532E4B9B13F3}.Release|Any CPU.Build.0 = Release|Any CPU
		{1F00489A-F7EB-4AC5-B63A-651D0373AE67}.Debug|Any CPU.ActiveCfg = Debug|Any CPU
		{1F00489A-F7EB-4AC5-B63A-651D0373AE67}.Debug|Any CPU.Build.0 = Debug|Any CPU
		{1F00489A-F7EB-4AC5-B63A-651D0373AE67}.Release|Any CPU.ActiveCfg = Release|Any CPU
		{1F00489A-F7EB-4AC5-B63A-651D0373AE67}.Release|Any CPU.Build.0 = Release|Any CPU
		{4145F9C8-490F-4CCC-A367-3C653ADAB47F}.Debug|Any CPU.ActiveCfg = Debug|Any CPU
		{4145F9C8-490F-4CCC-A367-3C653ADAB47F}.Debug|Any CPU.Build.0 = Debug|Any CPU
		{4145F9C8-490F-4CCC-A367-3C653ADAB47F}.Release|Any CPU.ActiveCfg = Release|Any CPU
		{4145F9C8-490F-4CCC-A367-3C653ADAB47F}.Release|Any CPU.Build.0 = Release|Any CPU
		{8CE51256-8B69-4C5E-9999-5B6958A649FB}.Debug|Any CPU.ActiveCfg = Debug|Any CPU
		{8CE51256-8B69-4C5E-9999-5B6958A649FB}.Debug|Any CPU.Build.0 = Debug|Any CPU
		{8CE51256-8B69-4C5E-9999-5B6958A649FB}.Release|Any CPU.ActiveCfg = Release|Any CPU
		{8CE51256-8B69-4C5E-9999-5B6958A649FB}.Release|Any CPU.Build.0 = Release|Any CPU
		{3B5944B4-9CEF-4B43-86EF-3A91B38DC169}.Debug|Any CPU.ActiveCfg = Debug|Any CPU
		{3B5944B4-9CEF-4B43-86EF-3A91B38DC169}.Debug|Any CPU.Build.0 = Debug|Any CPU
		{3B5944B4-9CEF-4B43-86EF-3A91B38DC169}.Release|Any CPU.ActiveCfg = Release|Any CPU
		{3B5944B4-9CEF-4B43-86EF-3A91B38DC169}.Release|Any CPU.Build.0 = Release|Any CPU
		{A9DD5999-5383-4ADC-9A02-609F73F2A7EB}.Debug|Any CPU.ActiveCfg = Debug|Any CPU
		{A9DD5999-5383-4ADC-9A02-609F73F2A7EB}.Debug|Any CPU.Build.0 = Debug|Any CPU
		{A9DD5999-5383-4ADC-9A02-609F73F2A7EB}.Release|Any CPU.ActiveCfg = Release|Any CPU
		{A9DD5999-5383-4ADC-9A02-609F73F2A7EB}.Release|Any CPU.Build.0 = Release|Any CPU
		{0ADB1445-3064-4E67-B451-0615A3BB83B0}.Debug|Any CPU.ActiveCfg = Debug|Any CPU
		{0ADB1445-3064-4E67-B451-0615A3BB83B0}.Debug|Any CPU.Build.0 = Debug|Any CPU
		{0ADB1445-3064-4E67-B451-0615A3BB83B0}.Debug|Any CPU.Deploy.0 = Debug|Any CPU
		{0ADB1445-3064-4E67-B451-0615A3BB83B0}.Release|Any CPU.ActiveCfg = Release|Any CPU
		{0ADB1445-3064-4E67-B451-0615A3BB83B0}.Release|Any CPU.Build.0 = Release|Any CPU
		{0ADB1445-3064-4E67-B451-0615A3BB83B0}.Release|Any CPU.Deploy.0 = Release|Any CPU
	EndGlobalSection
	GlobalSection(SolutionProperties) = preSolution
		HideSolutionNode = FALSE
	EndGlobalSection
	GlobalSection(ExtensibilityGlobals) = postSolution
		SolutionGuid = {A7936537-89F4-4CEB-8789-051D56DD3C1B}
	EndGlobalSection
EndGlobal
